
Microsoft Visual Studio Solution File, Format Version 12.00
# Visual Studio Version 17
VisualStudioVersion = 17.14.36623.8 d17.14
MinimumVisualStudioVersion = 10.0.40219.1
Project("{8BC9CEB8-8B4A-11D0-8D11-00A0C91BC942}") = "Lab3", "Lab3\Lab3.vcxproj", "{40F9EDA6-439C-4A04-8955-650680883665}"
EndProject
Global
	GlobalSection(SolutionConfigurationPlatforms) = preSolution
		Debug|x64 = Debug|x64
		Debug|x86 = Debug|x86
		Release|x64 = Release|x64
		Release|x86 = Release|x86
	EndGlobalSection
	GlobalSection(ProjectConfigurationPlatforms) = postSolution
		{40F9EDA6-439C-4A04-8955-650680883665}.Debug|x64.ActiveCfg = Debug|x64
		{40F9EDA6-439C-4A04-8955-650680883665}.Debug|x64.Build.0 = Debug|x64
		{40F9EDA6-439C-4A04-8955-650680883665}.Debug|x86.ActiveCfg = Debug|Win32
		{40F9EDA6-439C-4A04-8955-650680883665}.Debug|x86.Build.0 = Debug|Win32
		{40F9EDA6-439C-4A04-8955-650680883665}.Release|x64.ActiveCfg = Release|x64
		{40F9EDA6-439C-4A04-8955-650680883665}.Release|x64.Build.0 = Release|x64
		{40F9EDA6-439C-4A04-8955-650680883665}.Release|x86.ActiveCfg = Release|Win32
		{40F9EDA6-439C-4A04-8955-650680883665}.Release|x86.Build.0 = Release|Win32
	EndGlobalSection
	GlobalSection(SolutionProperties) = preSolution
		HideSolutionNode = FALSE
	EndGlobalSection
	GlobalSection(ExtensibilityGlobals) = postSolution
		SolutionGuid = {B38CAEDA-6D1C-4E1C-AD4C-3DE234FC1CF7}
	EndGlobalSection
EndGlobal
